
Microsoft Visual Studio Solution File, Format Version 12.00
# Visual Studio Version 16
VisualStudioVersion = 16.0.30225.117
MinimumVisualStudioVersion = 10.0.40219.1
Project("{FAE04EC0-301F-11D3-BF4B-00C04F79EFBC}") = "Minecraft Backup Utility", "Minecraft Backup Utility\Minecraft Backup Utility.csproj", "{F5F53DCE-E901-495A-8004-96EF1A7283EC}"
EndProject
Global
	GlobalSection(SolutionConfigurationPlatforms) = preSolution
		Debug|Any CPU = Debug|Any CPU
		Release|Any CPU = Release|Any CPU
	EndGlobalSection
	GlobalSection(ProjectConfigurationPlatforms) = postSolution
		{F5F53DCE-E901-495A-8004-96EF1A7283EC}.Debug|Any CPU.ActiveCfg = Debug|Any CPU
		{F5F53DCE-E901-495A-8004-96EF1A7283EC}.Debug|Any CPU.Build.0 = Debug|Any CPU
		{F5F53DCE-E901-495A-8004-96EF1A7283EC}.Release|Any CPU.ActiveCfg = Release|Any CPU
		{F5F53DCE-E901-495A-8004-96EF1A7283EC}.Release|Any CPU.Build.0 = Release|Any CPU
	EndGlobalSection
	GlobalSection(SolutionProperties) = preSolution
		HideSolutionNode = FALSE
	EndGlobalSection
	GlobalSection(ExtensibilityGlobals) = postSolution
		SolutionGuid = {C114C11C-27C0-40CC-BD43-811A9E6EBD9C}
	EndGlobalSection
EndGlobal
